
Microsoft Visual Studio Solution File, Format Version 12.00
# Visual Studio Version 16
VisualStudioVersion = 16.0.30621.155
MinimumVisualStudioVersion = 10.0.40219.1
Project("{FAE04EC0-301F-11D3-BF4B-00C04F79EFBC}") = "MultiplicationPersistence", "MultiplicationPersistence\MultiplicationPersistence.csproj", "{556F5197-9B13-44EF-B9EF-1D013BDD483B}"
EndProject
Global
	GlobalSection(SolutionConfigurationPlatforms) = preSolution
		Debug|Any CPU = Debug|Any CPU
		Release|Any CPU = Release|Any CPU
	EndGlobalSection
	GlobalSection(ProjectConfigurationPlatforms) = postSolution
		{556F5197-9B13-44EF-B9EF-1D013BDD483B}.Debug|Any CPU.ActiveCfg = Debug|Any CPU
		{556F5197-9B13-44EF-B9EF-1D013BDD483B}.Debug|Any CPU.Build.0 = Debug|Any CPU
		{556F5197-9B13-44EF-B9EF-1D013BDD483B}.Release|Any CPU.ActiveCfg = Release|Any CPU
		{556F5197-9B13-44EF-B9EF-1D013BDD483B}.Release|Any CPU.Build.0 = Release|Any CPU
	EndGlobalSection
	GlobalSection(SolutionProperties) = preSolution
		HideSolutionNode = FALSE
	EndGlobalSection
	GlobalSection(ExtensibilityGlobals) = postSolution
		SolutionGuid = {CE3032C5-3835-40A1-BA12-88C988AE83C6}
	EndGlobalSection
EndGlobal
